
Microsoft Visual Studio Solution File, Format Version 12.00
Project("{FAE04EC0-301F-11D3-BF4B-00C04F79EFBC}") = "TaskDeskApp", "TaskDeskApp\TaskDeskApp.csproj", "{03F25C82-1C49-4EDA-BB8E-A413F08F28A1}"
EndProject
Project("{FAE04EC0-301F-11D3-BF4B-00C04F79EFBC}") = "DataBaseLib", "DataBaseLib\DataBaseLib.csproj", "{F5E98D2A-2438-4AA7-BD31-2E04602C7C23}"
EndProject
Project("{FAE04EC0-301F-11D3-BF4B-00C04F79EFBC}") = "TaskLib", "TaskLib\TaskLib.csproj", "{14D29CBC-F2F2-45C8-8DE6-08A15442ACC9}"
EndProject
Global
	GlobalSection(SolutionConfigurationPlatforms) = preSolution
		Debug|Any CPU = Debug|Any CPU
		Release|Any CPU = Release|Any CPU
	EndGlobalSection
	GlobalSection(ProjectConfigurationPlatforms) = postSolution
		{03F25C82-1C49-4EDA-BB8E-A413F08F28A1}.Debug|Any CPU.ActiveCfg = Debug|Any CPU
		{03F25C82-1C49-4EDA-BB8E-A413F08F28A1}.Debug|Any CPU.Build.0 = Debug|Any CPU
		{03F25C82-1C49-4EDA-BB8E-A413F08F28A1}.Release|Any CPU.ActiveCfg = Release|Any CPU
		{03F25C82-1C49-4EDA-BB8E-A413F08F28A1}.Release|Any CPU.Build.0 = Release|Any CPU
		{F5E98D2A-2438-4AA7-BD31-2E04602C7C23}.Debug|Any CPU.ActiveCfg = Debug|Any CPU
		{F5E98D2A-2438-4AA7-BD31-2E04602C7C23}.Debug|Any CPU.Build.0 = Debug|Any CPU
		{F5E98D2A-2438-4AA7-BD31-2E04602C7C23}.Release|Any CPU.ActiveCfg = Release|Any CPU
		{F5E98D2A-2438-4AA7-BD31-2E04602C7C23}.Release|Any CPU.Build.0 = Release|Any CPU
		{14D29CBC-F2F2-45C8-8DE6-08A15442ACC9}.Debug|Any CPU.ActiveCfg = Debug|Any CPU
		{14D29CBC-F2F2-45C8-8DE6-08A15442ACC9}.Debug|Any CPU.Build.0 = Debug|Any CPU
		{14D29CBC-F2F2-45C8-8DE6-08A15442ACC9}.Release|Any CPU.ActiveCfg = Release|Any CPU
		{14D29CBC-F2F2-45C8-8DE6-08A15442ACC9}.Release|Any CPU.Build.0 = Release|Any CPU
	EndGlobalSection
EndGlobal
